
Microsoft Visual Studio Solution File, Format Version 12.00
# Visual Studio 2012
Project("{FAE04EC0-301F-11D3-BF4B-00C04F79EFBC}") = "SoftCalc2", "SoftCalc2\SoftCalc2.csproj", "{AD405B90-8CA7-472F-927B-A33EB81F1B55}"
EndProject
Project("{FAE04EC0-301F-11D3-BF4B-00C04F79EFBC}") = "SoftCalc2.Test", "SoftCalc2.Test\SoftCalc2.Test.csproj", "{BDDDC8EB-4F11-433A-B345-8A2B1D6D8B21}"
EndProject
Project("{FAE04EC0-301F-11D3-BF4B-00C04F79EFBC}") = "formcalctest1", "formcalctest1\formcalctest1.csproj", "{737A4775-E90E-405E-8D0E-C81036308C10}"
EndProject
Project("{FAE04EC0-301F-11D3-BF4B-00C04F79EFBC}") = "ButtonGeneration", "ButtonGeneration\ButtonGeneration.csproj", "{9BCEEEE4-DFF0-4C56-8264-539169678D7F}"
EndProject
Global
	GlobalSection(SolutionConfigurationPlatforms) = preSolution
		Debug|Any CPU = Debug|Any CPU
		Release|Any CPU = Release|Any CPU
	EndGlobalSection
	GlobalSection(ProjectConfigurationPlatforms) = postSolution
		{AD405B90-8CA7-472F-927B-A33EB81F1B55}.Debug|Any CPU.ActiveCfg = Debug|Any CPU
		{AD405B90-8CA7-472F-927B-A33EB81F1B55}.Debug|Any CPU.Build.0 = Debug|Any CPU
		{AD405B90-8CA7-472F-927B-A33EB81F1B55}.Release|Any CPU.ActiveCfg = Release|Any CPU
		{AD405B90-8CA7-472F-927B-A33EB81F1B55}.Release|Any CPU.Build.0 = Release|Any CPU
		{BDDDC8EB-4F11-433A-B345-8A2B1D6D8B21}.Debug|Any CPU.ActiveCfg = Debug|Any CPU
		{BDDDC8EB-4F11-433A-B345-8A2B1D6D8B21}.Debug|Any CPU.Build.0 = Debug|Any CPU
		{BDDDC8EB-4F11-433A-B345-8A2B1D6D8B21}.Release|Any CPU.ActiveCfg = Release|Any CPU
		{BDDDC8EB-4F11-433A-B345-8A2B1D6D8B21}.Release|Any CPU.Build.0 = Release|Any CPU
		{737A4775-E90E-405E-8D0E-C81036308C10}.Debug|Any CPU.ActiveCfg = Debug|Any CPU
		{737A4775-E90E-405E-8D0E-C81036308C10}.Debug|Any CPU.Build.0 = Debug|Any CPU
		{737A4775-E90E-405E-8D0E-C81036308C10}.Release|Any CPU.ActiveCfg = Release|Any CPU
		{737A4775-E90E-405E-8D0E-C81036308C10}.Release|Any CPU.Build.0 = Release|Any CPU
		{9BCEEEE4-DFF0-4C56-8264-539169678D7F}.Debug|Any CPU.ActiveCfg = Debug|Any CPU
		{9BCEEEE4-DFF0-4C56-8264-539169678D7F}.Debug|Any CPU.Build.0 = Debug|Any CPU
		{9BCEEEE4-DFF0-4C56-8264-539169678D7F}.Release|Any CPU.ActiveCfg = Release|Any CPU
		{9BCEEEE4-DFF0-4C56-8264-539169678D7F}.Release|Any CPU.Build.0 = Release|Any CPU
	EndGlobalSection
	GlobalSection(SolutionProperties) = preSolution
		HideSolutionNode = FALSE
	EndGlobalSection
EndGlobal
